
Microsoft Visual Studio Solution File, Format Version 12.00
Project("{FAE04EC0-301F-11D3-BF4B-00C04F79EFBC}") = "mod-lab09-clock", "mod-lab09-clock\mod-lab09-clock.csproj", "{56FD96CE-8FC1-4083-8C2B-64E7872BA389}"
EndProject
Global
	GlobalSection(SolutionConfigurationPlatforms) = preSolution
		Debug|Any CPU = Debug|Any CPU
		Release|Any CPU = Release|Any CPU
	EndGlobalSection
	GlobalSection(ProjectConfigurationPlatforms) = postSolution
		{56FD96CE-8FC1-4083-8C2B-64E7872BA389}.Debug|Any CPU.ActiveCfg = Debug|Any CPU
		{56FD96CE-8FC1-4083-8C2B-64E7872BA389}.Debug|Any CPU.Build.0 = Debug|Any CPU
		{56FD96CE-8FC1-4083-8C2B-64E7872BA389}.Release|Any CPU.ActiveCfg = Release|Any CPU
		{56FD96CE-8FC1-4083-8C2B-64E7872BA389}.Release|Any CPU.Build.0 = Release|Any CPU
	EndGlobalSection
EndGlobal
